{
  "originHash" : "9a62ceddd44131a12f515376b9bf6f2d4f0c101331c5d8e49b2c7e4121c8b1fd",
  "pins" : [
    {
      "identity" : "id3tageditor",
      "kind" : "remoteSourceControl",
      "location" : "https://github.com/chicio/ID3TagEditor.git",
      "state" : {
        "revision" : "3ccc31eafae0ded1fea8c9acd5e7ef7dfdbf1e8e",
        "version" : "4.6.0"
      }
    }
  ],
  "version" : 3
}
